{
  "version": 4,
  "terraform_version": "1.10.5",
  "serial": 121,
  "lineage": "a3156c08-6434-e2cf-7253-98a63d2542de",
  "outputs": {},
  "resources": [
    {
      "module": "module.backend_nsg",
      "mode": "data",
      "type": "azurerm_network_interface",
      "name": "nic",
      "provider": "provider[\"registry.terraform.io/hashicorp/azurerm\"]",
      "instances": [
        {
          "schema_version": 0,
          "attributes": {
            "accelerated_networking_enabled": false,
            "applied_dns_servers": [],
            "dns_servers": [],
            "id": "/subscriptions/9c2d44b8-0b58-4481-8de2-41223a92f641/resourceGroups/mim-resource-group/providers/Microsoft.Network/networkInterfaces/mim-backend-nic",
            "internal_dns_name_label": "",
            "ip_configuration": [
              {
                "application_gateway_backend_address_pools_ids": [],
                "application_security_group_ids": [],
                "gateway_load_balancer_frontend_ip_configuration_id": "",
                "load_balancer_backend_address_pools_ids": [],
                "load_balancer_inbound_nat_rules_ids": [],
                "name": "internal",
                "primary": true,
                "private_ip_address": "10.0.0.4",
                "private_ip_address_allocation": "Dynamic",
                "private_ip_address_version": "IPv4",
                "public_ip_address_id": "/subscriptions/9c2d44b8-0b58-4481-8de2-41223a92f641/resourceGroups/mim-resource-group/providers/Microsoft.Network/publicIPAddresses/mim-backend-pip",
                "subnet_id": "/subscriptions/9c2d44b8-0b58-4481-8de2-41223a92f641/resourceGroups/mim-resource-group/providers/Microsoft.Network/virtualNetworks/mim-vnet/subnets/mim-backend-subnet"
              }
            ],
            "ip_forwarding_enabled": false,
            "location": "westeurope",
            "mac_address": "7C-1E-52-75-31-39",
            "name": "mim-backend-nic",
            "network_security_group_id": "/subscriptions/9c2d44b8-0b58-4481-8de2-41223a92f641/resourceGroups/mim-resource-group/providers/Microsoft.Network/networkSecurityGroups/mim-backend-nsg",
            "private_ip_address": "10.0.0.4",
            "private_ip_addresses": [
              "10.0.0.4"
            ],
            "resource_group_name": "mim-resource-group",
            "tags": {},
            "timeouts": null,
            "virtual_machine_id": "/subscriptions/9c2d44b8-0b58-4481-8de2-41223a92f641/resourceGroups/mim-resource-group/providers/Microsoft.Compute/virtualMachines/mim-backend-vm"
          },
          "sensitive_attributes": []
        }
      ]
    },
    {
      "module": "module.backend_nsg",
      "mode": "managed",
      "type": "azurerm_network_security_group",
      "name": "nsg",
      "provider": "provider[\"registry.terraform.io/hashicorp/azurerm\"]",
      "instances": [
        {
          "schema_version": 0,
          "attributes": {
            "id": "/subscriptions/9c2d44b8-0b58-4481-8de2-41223a92f641/resourceGroups/mim-resource-group/providers/Microsoft.Network/networkSecurityGroups/mim-backend-nsg",
            "location": "westeurope",
            "name": "mim-backend-nsg",
            "resource_group_name": "mim-resource-group",
            "security_rule": [
              {
                "access": "Allow",
                "description": "",
                "destination_address_prefix": "*",
                "destination_address_prefixes": [],
                "destination_application_security_group_ids": [],
                "destination_port_range": "22",
                "destination_port_ranges": [],
                "direction": "Inbound",
                "name": "Allow-SSH",
                "priority": 100,
                "protocol": "Tcp",
                "source_address_prefix": "*",
                "source_address_prefixes": [],
                "source_application_security_group_ids": [],
                "source_port_range": "*",
                "source_port_ranges": []
              }
            ],
            "tags": {},
            "timeouts": null
          },
          "sensitive_attributes": [],
          "private": "eyJlMmJmYjczMC1lY2FhLTExZTYtOGY4OC0zNDM2M2JjN2M0YzAiOnsiY3JlYXRlIjoxODAwMDAwMDAwMDAwLCJkZWxldGUiOjE4MDAwMDAwMDAwMDAsInJlYWQiOjMwMDAwMDAwMDAwMCwidXBkYXRlIjoxODAwMDAwMDAwMDAwfX0="
        }
      ]
    },
    {
      "module": "module.backend_subnet",
      "mode": "managed",
      "type": "azurerm_subnet",
      "name": "subnet",
      "provider": "provider[\"registry.terraform.io/hashicorp/azurerm\"]",
      "instances": [
        {
          "schema_version": 0,
          "attributes": {
            "address_prefixes": [
              "10.0.0.0/24"
            ],
            "default_outbound_access_enabled": true,
            "delegation": [],
            "id": "/subscriptions/9c2d44b8-0b58-4481-8de2-41223a92f641/resourceGroups/mim-resource-group/providers/Microsoft.Network/virtualNetworks/mim-vnet/subnets/mim-backend-subnet",
            "name": "mim-backend-subnet",
            "private_endpoint_network_policies": "Disabled",
            "private_link_service_network_policies_enabled": true,
            "resource_group_name": "mim-resource-group",
            "service_endpoint_policy_ids": [],
            "service_endpoints": [],
            "timeouts": null,
            "virtual_network_name": "mim-vnet"
          },
          "sensitive_attributes": [],
          "private": "eyJlMmJmYjczMC1lY2FhLTExZTYtOGY4OC0zNDM2M2JjN2M0YzAiOnsiY3JlYXRlIjoxODAwMDAwMDAwMDAwLCJkZWxldGUiOjE4MDAwMDAwMDAwMDAsInJlYWQiOjMwMDAwMDAwMDAwMCwidXBkYXRlIjoxODAwMDAwMDAwMDAwfX0=",
          "dependencies": [
            "module.rg.azurerm_resource_group.rg",
            "module.vnet.azurerm_virtual_network.vnet"
          ]
        }
      ]
    },
    {
      "module": "module.backend_vm",
      "mode": "data",
      "type": "azurerm_key_vault",
      "name": "key_vault",
      "provider": "provider[\"registry.terraform.io/hashicorp/azurerm\"]",
      "instances": [
        {
          "schema_version": 0,
          "attributes": {
            "access_policy": [
              {
                "application_id": "",
                "certificate_permissions": [],
                "key_permissions": [
                  "Get",
                  "Create",
                  "Delete",
                  "List",
                  "Update",
                  "Import",
                  "Purge",
                  "Recover",
                  "Backup",
                  "Restore"
                ],
                "object_id": "a781ff2a-427b-4046-bd08-5a76676e98c2",
                "secret_permissions": [
                  "Get",
                  "Set",
                  "Delete",
                  "List",
                  "Recover",
                  "Purge"
                ],
                "storage_permissions": [
                  "Get",
                  "Set",
                  "Delete",
                  "List",
                  "Recover",
                  "Purge"
                ],
                "tenant_id": "339d79ec-9f20-4afc-aceb-c32e3863269c"
              }
            ],
            "enable_rbac_authorization": false,
            "enabled_for_deployment": false,
            "enabled_for_disk_encryption": true,
            "enabled_for_template_deployment": false,
            "id": "/subscriptions/9c2d44b8-0b58-4481-8de2-41223a92f641/resourceGroups/mim-resource-group/providers/Microsoft.KeyVault/vaults/mim-key-vault-22",
            "location": "westeurope",
            "name": "mim-key-vault-22",
            "network_acls": [],
            "public_network_access_enabled": true,
            "purge_protection_enabled": false,
            "resource_group_name": "mim-resource-group",
            "sku_name": "standard",
            "tags": {},
            "tenant_id": "339d79ec-9f20-4afc-aceb-c32e3863269c",
            "timeouts": null,
            "vault_uri": "https://mim-key-vault-22.vault.azure.net/"
          },
          "sensitive_attributes": []
        }
      ]
    },
    {
      "module": "module.backend_vm",
      "mode": "data",
      "type": "azurerm_key_vault_secret",
      "name": "password",
      "provider": "provider[\"registry.terraform.io/hashicorp/azurerm\"]",
      "instances": [
        {
          "schema_version": 0,
          "attributes": {
            "content_type": "",
            "expiration_date": null,
            "id": "https://mim-key-vault-22.vault.azure.net/secrets/vm-password/1e1896d70ccf4ea5afe069f2ac7a6c60",
            "key_vault_id": "/subscriptions/9c2d44b8-0b58-4481-8de2-41223a92f641/resourceGroups/mim-resource-group/providers/Microsoft.KeyVault/vaults/mim-key-vault-22",
            "name": "vm-password",
            "not_before_date": null,
            "resource_id": "/subscriptions/9c2d44b8-0b58-4481-8de2-41223a92f641/resourceGroups/mim-resource-group/providers/Microsoft.KeyVault/vaults/mim-key-vault-22/secrets/vm-password/versions/1e1896d70ccf4ea5afe069f2ac7a6c60",
            "resource_versionless_id": "/subscriptions/9c2d44b8-0b58-4481-8de2-41223a92f641/resourceGroups/mim-resource-group/providers/Microsoft.KeyVault/vaults/mim-key-vault-22/secrets/vm-password",
            "tags": {},
            "timeouts": null,
            "value": "P@ssw0rd1234!",
            "version": "1e1896d70ccf4ea5afe069f2ac7a6c60",
            "versionless_id": "https://mim-key-vault-22.vault.azure.net/secrets/vm-password"
          },
          "sensitive_attributes": [
            [
              {
                "type": "get_attr",
                "value": "value"
              }
            ]
          ]
        }
      ]
    },
    {
      "module": "module.backend_vm",
      "mode": "data",
      "type": "azurerm_key_vault_secret",
      "name": "username",
      "provider": "provider[\"registry.terraform.io/hashicorp/azurerm\"]",
      "instances": [
        {
          "schema_version": 0,
          "attributes": {
            "content_type": "",
            "expiration_date": null,
            "id": "https://mim-key-vault-22.vault.azure.net/secrets/vm-username/564a1e3942fb4bd1a488f4b5355eaa59",
            "key_vault_id": "/subscriptions/9c2d44b8-0b58-4481-8de2-41223a92f641/resourceGroups/mim-resource-group/providers/Microsoft.KeyVault/vaults/mim-key-vault-22",
            "name": "vm-username",
            "not_before_date": null,
            "resource_id": "/subscriptions/9c2d44b8-0b58-4481-8de2-41223a92f641/resourceGroups/mim-resource-group/providers/Microsoft.KeyVault/vaults/mim-key-vault-22/secrets/vm-username/versions/564a1e3942fb4bd1a488f4b5355eaa59",
            "resource_versionless_id": "/subscriptions/9c2d44b8-0b58-4481-8de2-41223a92f641/resourceGroups/mim-resource-group/providers/Microsoft.KeyVault/vaults/mim-key-vault-22/secrets/vm-username",
            "tags": {},
            "timeouts": null,
            "value": "azureuser",
            "version": "564a1e3942fb4bd1a488f4b5355eaa59",
            "versionless_id": "https://mim-key-vault-22.vault.azure.net/secrets/vm-username"
          },
          "sensitive_attributes": [
            [
              {
                "type": "get_attr",
                "value": "value"
              }
            ]
          ]
        }
      ]
    },
    {
      "module": "module.backend_vm",
      "mode": "data",
      "type": "azurerm_public_ip",
      "name": "pip",
      "provider": "provider[\"registry.terraform.io/hashicorp/azurerm\"]",
      "instances": [
        {
          "schema_version": 0,
          "attributes": {
            "allocation_method": "Static",
            "ddos_protection_mode": "VirtualNetworkInherited",
            "ddos_protection_plan_id": null,
            "domain_name_label": "",
            "fqdn": "",
            "id": "/subscriptions/9c2d44b8-0b58-4481-8de2-41223a92f641/resourceGroups/mim-resource-group/providers/Microsoft.Network/publicIPAddresses/mim-backend-pip",
            "idle_timeout_in_minutes": 4,
            "ip_address": "4.180.164.83",
            "ip_tags": {},
            "ip_version": "IPv4",
            "location": "westeurope",
            "name": "mim-backend-pip",
            "resource_group_name": "mim-resource-group",
            "reverse_fqdn": "",
            "sku": "Standard",
            "tags": {},
            "timeouts": null,
            "zones": []
          },
          "sensitive_attributes": []
        }
      ]
    },
    {
      "module": "module.backend_vm",
      "mode": "data",
      "type": "azurerm_subnet",
      "name": "subnet",
      "provider": "provider[\"registry.terraform.io/hashicorp/azurerm\"]",
      "instances": [
        {
          "schema_version": 0,
          "attributes": {
            "address_prefix": "10.0.0.0/24",
            "address_prefixes": [
              "10.0.0.0/24"
            ],
            "default_outbound_access_enabled": true,
            "id": "/subscriptions/9c2d44b8-0b58-4481-8de2-41223a92f641/resourceGroups/mim-resource-group/providers/Microsoft.Network/virtualNetworks/mim-vnet/subnets/mim-backend-subnet",
            "name": "mim-backend-subnet",
            "network_security_group_id": "",
            "private_endpoint_network_policies": "Disabled",
            "private_link_service_network_policies_enabled": true,
            "resource_group_name": "mim-resource-group",
            "route_table_id": "",
            "service_endpoints": [],
            "timeouts": null,
            "virtual_network_name": "mim-vnet"
          },
          "sensitive_attributes": []
        }
      ]
    },
    {
      "module": "module.backend_vm",
      "mode": "managed",
      "type": "azurerm_linux_virtual_machine",
      "name": "vm",
      "provider": "provider[\"registry.terraform.io/hashicorp/azurerm\"]",
      "instances": [
        {
          "schema_version": 0,
          "attributes": {
            "additional_capabilities": [],
            "admin_password": "P@ssw0rd1234!",
            "admin_ssh_key": [],
            "admin_username": "azureuser",
            "allow_extension_operations": true,
            "availability_set_id": "",
            "boot_diagnostics": [],
            "bypass_platform_safety_checks_on_user_schedule_enabled": false,
            "capacity_reservation_group_id": "",
            "computer_name": "mim-backend-vm",
            "custom_data": null,
            "dedicated_host_group_id": "",
            "dedicated_host_id": "",
            "disable_password_authentication": false,
            "disk_controller_type": "",
            "edge_zone": "",
            "encryption_at_host_enabled": false,
            "eviction_policy": "",
            "extensions_time_budget": "PT1H30M",
            "gallery_application": [],
            "id": "/subscriptions/9c2d44b8-0b58-4481-8de2-41223a92f641/resourceGroups/mim-resource-group/providers/Microsoft.Compute/virtualMachines/mim-backend-vm",
            "identity": [],
            "license_type": "",
            "location": "westeurope",
            "max_bid_price": -1,
            "name": "mim-backend-vm",
            "network_interface_ids": [
              "/subscriptions/9c2d44b8-0b58-4481-8de2-41223a92f641/resourceGroups/mim-resource-group/providers/Microsoft.Network/networkInterfaces/mim-backend-nic"
            ],
            "os_disk": [
              {
                "caching": "ReadWrite",
                "diff_disk_settings": [],
                "disk_encryption_set_id": "",
                "disk_size_gb": 30,
                "id": "/subscriptions/9c2d44b8-0b58-4481-8de2-41223a92f641/resourceGroups/mim-resource-group/providers/Microsoft.Compute/disks/mim-backend-vm_OsDisk_1_f9e4abf2517f480999e4dd0e4ed5fb3c",
                "name": "mim-backend-vm_OsDisk_1_f9e4abf2517f480999e4dd0e4ed5fb3c",
                "secure_vm_disk_encryption_set_id": "",
                "security_encryption_type": "",
                "storage_account_type": "Standard_LRS",
                "write_accelerator_enabled": false
              }
            ],
            "os_image_notification": [],
            "patch_assessment_mode": "ImageDefault",
            "patch_mode": "ImageDefault",
            "plan": [],
            "platform_fault_domain": -1,
            "priority": "Regular",
            "private_ip_address": "10.0.0.4",
            "private_ip_addresses": [
              "10.0.0.4"
            ],
            "provision_vm_agent": true,
            "proximity_placement_group_id": "",
            "public_ip_address": "4.180.164.83",
            "public_ip_addresses": [
              "4.180.164.83"
            ],
            "reboot_setting": "",
            "resource_group_name": "mim-resource-group",
            "secret": [],
            "secure_boot_enabled": false,
            "size": "Standard_B1s",
            "source_image_id": "",
            "source_image_reference": [
              {
                "offer": "0001-com-ubuntu-server-jammy",
                "publisher": "Canonical",
                "sku": "22_04-lts",
                "version": "latest"
              }
            ],
            "tags": {},
            "termination_notification": [],
            "timeouts": null,
            "user_data": "",
            "virtual_machine_id": "955403a6-7e33-478e-99f5-9554ce0da1b0",
            "virtual_machine_scale_set_id": "",
            "vm_agent_platform_updates_enabled": false,
            "vtpm_enabled": false,
            "zone": ""
          },
          "sensitive_attributes": [
            [
              {
                "type": "get_attr",
                "value": "custom_data"
              }
            ],
            [
              {
                "type": "get_attr",
                "value": "admin_password"
              }
            ],
            [
              {
                "type": "get_attr",
                "value": "admin_username"
              }
            ]
          ],
          "private": "eyJlMmJmYjczMC1lY2FhLTExZTYtOGY4OC0zNDM2M2JjN2M0YzAiOnsiY3JlYXRlIjoyNzAwMDAwMDAwMDAwLCJkZWxldGUiOjI3MDAwMDAwMDAwMDAsInJlYWQiOjMwMDAwMDAwMDAwMCwidXBkYXRlIjoyNzAwMDAwMDAwMDAwfX0=",
          "dependencies": [
            "module.backend_subnet.azurerm_subnet.subnet",
            "module.backend_vm.azurerm_network_interface.nic",
            "module.backend_vm.data.azurerm_key_vault.key_vault",
            "module.backend_vm.data.azurerm_key_vault_secret.password",
            "module.backend_vm.data.azurerm_key_vault_secret.username",
            "module.backend_vm.data.azurerm_public_ip.pip",
            "module.backend_vm.data.azurerm_subnet.subnet",
            "module.key_vault.azurerm_key_vault.kv",
            "module.key_vault.data.azurerm_client_config.current",
            "module.public_ip_backend.azurerm_public_ip.pip",
            "module.rg.azurerm_resource_group.rg",
            "module.vm_password.azurerm_key_vault_secret.secret",
            "module.vm_password.data.azurerm_key_vault.kv",
            "module.vm_username.azurerm_key_vault_secret.secret",
            "module.vm_username.data.azurerm_key_vault.kv",
            "module.vnet.azurerm_virtual_network.vnet"
          ]
        }
      ]
    },
    {
      "module": "module.backend_vm",
      "mode": "managed",
      "type": "azurerm_network_interface",
      "name": "nic",
      "provider": "provider[\"registry.terraform.io/hashicorp/azurerm\"]",
      "instances": [
        {
          "schema_version": 0,
          "attributes": {
            "accelerated_networking_enabled": false,
            "applied_dns_servers": [],
            "auxiliary_mode": "",
            "auxiliary_sku": "",
            "dns_servers": [],
            "edge_zone": "",
            "id": "/subscriptions/9c2d44b8-0b58-4481-8de2-41223a92f641/resourceGroups/mim-resource-group/providers/Microsoft.Network/networkInterfaces/mim-backend-nic",
            "internal_dns_name_label": "",
            "internal_domain_name_suffix": "4kxfpotgvayenfs1lgmuaavdva.ax.internal.cloudapp.net",
            "ip_configuration": [
              {
                "gateway_load_balancer_frontend_ip_configuration_id": "",
                "name": "internal",
                "primary": true,
                "private_ip_address": "10.0.0.4",
                "private_ip_address_allocation": "Dynamic",
                "private_ip_address_version": "IPv4",
                "public_ip_address_id": "/subscriptions/9c2d44b8-0b58-4481-8de2-41223a92f641/resourceGroups/mim-resource-group/providers/Microsoft.Network/publicIPAddresses/mim-backend-pip",
                "subnet_id": "/subscriptions/9c2d44b8-0b58-4481-8de2-41223a92f641/resourceGroups/mim-resource-group/providers/Microsoft.Network/virtualNetworks/mim-vnet/subnets/mim-backend-subnet"
              }
            ],
            "ip_forwarding_enabled": false,
            "location": "westeurope",
            "mac_address": "7C-1E-52-75-31-39",
            "name": "mim-backend-nic",
            "private_ip_address": "10.0.0.4",
            "private_ip_addresses": [
              "10.0.0.4"
            ],
            "resource_group_name": "mim-resource-group",
            "tags": {},
            "timeouts": null,
            "virtual_machine_id": "/subscriptions/9c2d44b8-0b58-4481-8de2-41223a92f641/resourceGroups/mim-resource-group/providers/Microsoft.Compute/virtualMachines/mim-backend-vm"
          },
          "sensitive_attributes": [],
          "private": "eyJlMmJmYjczMC1lY2FhLTExZTYtOGY4OC0zNDM2M2JjN2M0YzAiOnsiY3JlYXRlIjoxODAwMDAwMDAwMDAwLCJkZWxldGUiOjE4MDAwMDAwMDAwMDAsInJlYWQiOjMwMDAwMDAwMDAwMCwidXBkYXRlIjoxODAwMDAwMDAwMDAwfX0=",
          "dependencies": [
            "module.backend_subnet.azurerm_subnet.subnet",
            "module.backend_vm.data.azurerm_public_ip.pip",
            "module.backend_vm.data.azurerm_subnet.subnet",
            "module.key_vault.azurerm_key_vault.kv",
            "module.key_vault.data.azurerm_client_config.current",
            "module.public_ip_backend.azurerm_public_ip.pip",
            "module.rg.azurerm_resource_group.rg",
            "module.vm_password.azurerm_key_vault_secret.secret",
            "module.vm_password.data.azurerm_key_vault.kv",
            "module.vm_username.azurerm_key_vault_secret.secret",
            "module.vm_username.data.azurerm_key_vault.kv",
            "module.vnet.azurerm_virtual_network.vnet"
          ]
        }
      ]
    },
    {
      "module": "module.frontend_nsg",
      "mode": "data",
      "type": "azurerm_network_interface",
      "name": "nic",
      "provider": "provider[\"registry.terraform.io/hashicorp/azurerm\"]",
      "instances": [
        {
          "schema_version": 0,
          "attributes": {
            "accelerated_networking_enabled": false,
            "applied_dns_servers": [],
            "dns_servers": [],
            "id": "/subscriptions/9c2d44b8-0b58-4481-8de2-41223a92f641/resourceGroups/mim-resource-group/providers/Microsoft.Network/networkInterfaces/mim-frontend-nic",
            "internal_dns_name_label": "",
            "ip_configuration": [
              {
                "application_gateway_backend_address_pools_ids": [],
                "application_security_group_ids": [],
                "gateway_load_balancer_frontend_ip_configuration_id": "",
                "load_balancer_backend_address_pools_ids": [],
                "load_balancer_inbound_nat_rules_ids": [],
                "name": "internal",
                "primary": true,
                "private_ip_address": "10.0.1.4",
                "private_ip_address_allocation": "Dynamic",
                "private_ip_address_version": "IPv4",
                "public_ip_address_id": "/subscriptions/9c2d44b8-0b58-4481-8de2-41223a92f641/resourceGroups/mim-resource-group/providers/Microsoft.Network/publicIPAddresses/mim-frontend-pip",
                "subnet_id": "/subscriptions/9c2d44b8-0b58-4481-8de2-41223a92f641/resourceGroups/mim-resource-group/providers/Microsoft.Network/virtualNetworks/mim-vnet/subnets/mim-frontend-subnet"
              }
            ],
            "ip_forwarding_enabled": false,
            "location": "westeurope",
            "mac_address": "7C-1E-52-11-7F-B8",
            "name": "mim-frontend-nic",
            "network_security_group_id": "/subscriptions/9c2d44b8-0b58-4481-8de2-41223a92f641/resourceGroups/mim-resource-group/providers/Microsoft.Network/networkSecurityGroups/mim-frontend-nsg",
            "private_ip_address": "10.0.1.4",
            "private_ip_addresses": [
              "10.0.1.4"
            ],
            "resource_group_name": "mim-resource-group",
            "tags": {},
            "timeouts": null,
            "virtual_machine_id": "/subscriptions/9c2d44b8-0b58-4481-8de2-41223a92f641/resourceGroups/mim-resource-group/providers/Microsoft.Compute/virtualMachines/mim-frontend-vm"
          },
          "sensitive_attributes": []
        }
      ]
    },
    {
      "module": "module.frontend_nsg",
      "mode": "managed",
      "type": "azurerm_network_security_group",
      "name": "nsg",
      "provider": "provider[\"registry.terraform.io/hashicorp/azurerm\"]",
      "instances": [
        {
          "schema_version": 0,
          "attributes": {
            "id": "/subscriptions/9c2d44b8-0b58-4481-8de2-41223a92f641/resourceGroups/mim-resource-group/providers/Microsoft.Network/networkSecurityGroups/mim-frontend-nsg",
            "location": "westeurope",
            "name": "mim-frontend-nsg",
            "resource_group_name": "mim-resource-group",
            "security_rule": [
              {
                "access": "Allow",
                "description": "",
                "destination_address_prefix": "*",
                "destination_address_prefixes": [],
                "destination_application_security_group_ids": [],
                "destination_port_range": "22",
                "destination_port_ranges": [],
                "direction": "Inbound",
                "name": "Allow-SSH",
                "priority": 100,
                "protocol": "Tcp",
                "source_address_prefix": "*",
                "source_address_prefixes": [],
                "source_application_security_group_ids": [],
                "source_port_range": "*",
                "source_port_ranges": []
              }
            ],
            "tags": {},
            "timeouts": null
          },
          "sensitive_attributes": [],
          "private": "eyJlMmJmYjczMC1lY2FhLTExZTYtOGY4OC0zNDM2M2JjN2M0YzAiOnsiY3JlYXRlIjoxODAwMDAwMDAwMDAwLCJkZWxldGUiOjE4MDAwMDAwMDAwMDAsInJlYWQiOjMwMDAwMDAwMDAwMCwidXBkYXRlIjoxODAwMDAwMDAwMDAwfX0="
        }
      ]
    },
    {
      "module": "module.frontend_subnet",
      "mode": "managed",
      "type": "azurerm_subnet",
      "name": "subnet",
      "provider": "provider[\"registry.terraform.io/hashicorp/azurerm\"]",
      "instances": [
        {
          "schema_version": 0,
          "attributes": {
            "address_prefixes": [
              "10.0.1.0/24"
            ],
            "default_outbound_access_enabled": true,
            "delegation": [],
            "id": "/subscriptions/9c2d44b8-0b58-4481-8de2-41223a92f641/resourceGroups/mim-resource-group/providers/Microsoft.Network/virtualNetworks/mim-vnet/subnets/mim-frontend-subnet",
            "name": "mim-frontend-subnet",
            "private_endpoint_network_policies": "Disabled",
            "private_link_service_network_policies_enabled": true,
            "resource_group_name": "mim-resource-group",
            "service_endpoint_policy_ids": [],
            "service_endpoints": [],
            "timeouts": null,
            "virtual_network_name": "mim-vnet"
          },
          "sensitive_attributes": [],
          "private": "eyJlMmJmYjczMC1lY2FhLTExZTYtOGY4OC0zNDM2M2JjN2M0YzAiOnsiY3JlYXRlIjoxODAwMDAwMDAwMDAwLCJkZWxldGUiOjE4MDAwMDAwMDAwMDAsInJlYWQiOjMwMDAwMDAwMDAwMCwidXBkYXRlIjoxODAwMDAwMDAwMDAwfX0=",
          "dependencies": [
            "module.rg.azurerm_resource_group.rg",
            "module.vnet.azurerm_virtual_network.vnet"
          ]
        }
      ]
    },
    {
      "module": "module.frontend_vm",
      "mode": "data",
      "type": "azurerm_key_vault",
      "name": "key_vault",
      "provider": "provider[\"registry.terraform.io/hashicorp/azurerm\"]",
      "instances": [
        {
          "schema_version": 0,
          "attributes": {
            "access_policy": [
              {
                "application_id": "",
                "certificate_permissions": [],
                "key_permissions": [
                  "Get",
                  "Create",
                  "Delete",
                  "List",
                  "Update",
                  "Import",
                  "Purge",
                  "Recover",
                  "Backup",
                  "Restore"
                ],
                "object_id": "a781ff2a-427b-4046-bd08-5a76676e98c2",
                "secret_permissions": [
                  "Get",
                  "Set",
                  "Delete",
                  "List",
                  "Recover",
                  "Purge"
                ],
                "storage_permissions": [
                  "Get",
                  "Set",
                  "Delete",
                  "List",
                  "Recover",
                  "Purge"
                ],
                "tenant_id": "339d79ec-9f20-4afc-aceb-c32e3863269c"
              }
            ],
            "enable_rbac_authorization": false,
            "enabled_for_deployment": false,
            "enabled_for_disk_encryption": true,
            "enabled_for_template_deployment": false,
            "id": "/subscriptions/9c2d44b8-0b58-4481-8de2-41223a92f641/resourceGroups/mim-resource-group/providers/Microsoft.KeyVault/vaults/mim-key-vault-22",
            "location": "westeurope",
            "name": "mim-key-vault-22",
            "network_acls": [],
            "public_network_access_enabled": true,
            "purge_protection_enabled": false,
            "resource_group_name": "mim-resource-group",
            "sku_name": "standard",
            "tags": {},
            "tenant_id": "339d79ec-9f20-4afc-aceb-c32e3863269c",
            "timeouts": null,
            "vault_uri": "https://mim-key-vault-22.vault.azure.net/"
          },
          "sensitive_attributes": []
        }
      ]
    },
    {
      "module": "module.frontend_vm",
      "mode": "data",
      "type": "azurerm_key_vault_secret",
      "name": "password",
      "provider": "provider[\"registry.terraform.io/hashicorp/azurerm\"]",
      "instances": [
        {
          "schema_version": 0,
          "attributes": {
            "content_type": "",
            "expiration_date": null,
            "id": "https://mim-key-vault-22.vault.azure.net/secrets/vm-password/1e1896d70ccf4ea5afe069f2ac7a6c60",
            "key_vault_id": "/subscriptions/9c2d44b8-0b58-4481-8de2-41223a92f641/resourceGroups/mim-resource-group/providers/Microsoft.KeyVault/vaults/mim-key-vault-22",
            "name": "vm-password",
            "not_before_date": null,
            "resource_id": "/subscriptions/9c2d44b8-0b58-4481-8de2-41223a92f641/resourceGroups/mim-resource-group/providers/Microsoft.KeyVault/vaults/mim-key-vault-22/secrets/vm-password/versions/1e1896d70ccf4ea5afe069f2ac7a6c60",
            "resource_versionless_id": "/subscriptions/9c2d44b8-0b58-4481-8de2-41223a92f641/resourceGroups/mim-resource-group/providers/Microsoft.KeyVault/vaults/mim-key-vault-22/secrets/vm-password",
            "tags": {},
            "timeouts": null,
            "value": "P@ssw0rd1234!",
            "version": "1e1896d70ccf4ea5afe069f2ac7a6c60",
            "versionless_id": "https://mim-key-vault-22.vault.azure.net/secrets/vm-password"
          },
          "sensitive_attributes": [
            [
              {
                "type": "get_attr",
                "value": "value"
              }
            ]
          ]
        }
      ]
    },
    {
      "module": "module.frontend_vm",
      "mode": "data",
      "type": "azurerm_key_vault_secret",
      "name": "username",
      "provider": "provider[\"registry.terraform.io/hashicorp/azurerm\"]",
      "instances": [
        {
          "schema_version": 0,
          "attributes": {
            "content_type": "",
            "expiration_date": null,
            "id": "https://mim-key-vault-22.vault.azure.net/secrets/vm-username/564a1e3942fb4bd1a488f4b5355eaa59",
            "key_vault_id": "/subscriptions/9c2d44b8-0b58-4481-8de2-41223a92f641/resourceGroups/mim-resource-group/providers/Microsoft.KeyVault/vaults/mim-key-vault-22",
            "name": "vm-username",
            "not_before_date": null,
            "resource_id": "/subscriptions/9c2d44b8-0b58-4481-8de2-41223a92f641/resourceGroups/mim-resource-group/providers/Microsoft.KeyVault/vaults/mim-key-vault-22/secrets/vm-username/versions/564a1e3942fb4bd1a488f4b5355eaa59",
            "resource_versionless_id": "/subscriptions/9c2d44b8-0b58-4481-8de2-41223a92f641/resourceGroups/mim-resource-group/providers/Microsoft.KeyVault/vaults/mim-key-vault-22/secrets/vm-username",
            "tags": {},
            "timeouts": null,
            "value": "azureuser",
            "version": "564a1e3942fb4bd1a488f4b5355eaa59",
            "versionless_id": "https://mim-key-vault-22.vault.azure.net/secrets/vm-username"
          },
          "sensitive_attributes": [
            [
              {
                "type": "get_attr",
                "value": "value"
              }
            ]
          ]
        }
      ]
    },
    {
      "module": "module.frontend_vm",
      "mode": "data",
      "type": "azurerm_public_ip",
      "name": "pip",
      "provider": "provider[\"registry.terraform.io/hashicorp/azurerm\"]",
      "instances": [
        {
          "schema_version": 0,
          "attributes": {
            "allocation_method": "Static",
            "ddos_protection_mode": "VirtualNetworkInherited",
            "ddos_protection_plan_id": null,
            "domain_name_label": "",
            "fqdn": "",
            "id": "/subscriptions/9c2d44b8-0b58-4481-8de2-41223a92f641/resourceGroups/mim-resource-group/providers/Microsoft.Network/publicIPAddresses/mim-frontend-pip",
            "idle_timeout_in_minutes": 4,
            "ip_address": "20.23.226.124",
            "ip_tags": {},
            "ip_version": "IPv4",
            "location": "westeurope",
            "name": "mim-frontend-pip",
            "resource_group_name": "mim-resource-group",
            "reverse_fqdn": "",
            "sku": "Standard",
            "tags": {},
            "timeouts": null,
            "zones": []
          },
          "sensitive_attributes": []
        }
      ]
    },
    {
      "module": "module.frontend_vm",
      "mode": "data",
      "type": "azurerm_subnet",
      "name": "subnet",
      "provider": "provider[\"registry.terraform.io/hashicorp/azurerm\"]",
      "instances": [
        {
          "schema_version": 0,
          "attributes": {
            "address_prefix": "10.0.1.0/24",
            "address_prefixes": [
              "10.0.1.0/24"
            ],
            "default_outbound_access_enabled": true,
            "id": "/subscriptions/9c2d44b8-0b58-4481-8de2-41223a92f641/resourceGroups/mim-resource-group/providers/Microsoft.Network/virtualNetworks/mim-vnet/subnets/mim-frontend-subnet",
            "name": "mim-frontend-subnet",
            "network_security_group_id": "",
            "private_endpoint_network_policies": "Disabled",
            "private_link_service_network_policies_enabled": true,
            "resource_group_name": "mim-resource-group",
            "route_table_id": "",
            "service_endpoints": [],
            "timeouts": null,
            "virtual_network_name": "mim-vnet"
          },
          "sensitive_attributes": []
        }
      ]
    },
    {
      "module": "module.frontend_vm",
      "mode": "managed",
      "type": "azurerm_linux_virtual_machine",
      "name": "vm",
      "provider": "provider[\"registry.terraform.io/hashicorp/azurerm\"]",
      "instances": [
        {
          "schema_version": 0,
          "attributes": {
            "additional_capabilities": [],
            "admin_password": "P@ssw0rd1234!",
            "admin_ssh_key": [],
            "admin_username": "azureuser",
            "allow_extension_operations": true,
            "availability_set_id": "",
            "boot_diagnostics": [],
            "bypass_platform_safety_checks_on_user_schedule_enabled": false,
            "capacity_reservation_group_id": "",
            "computer_name": "mim-frontend-vm",
            "custom_data": null,
            "dedicated_host_group_id": "",
            "dedicated_host_id": "",
            "disable_password_authentication": false,
            "disk_controller_type": "",
            "edge_zone": "",
            "encryption_at_host_enabled": false,
            "eviction_policy": "",
            "extensions_time_budget": "PT1H30M",
            "gallery_application": [],
            "id": "/subscriptions/9c2d44b8-0b58-4481-8de2-41223a92f641/resourceGroups/mim-resource-group/providers/Microsoft.Compute/virtualMachines/mim-frontend-vm",
            "identity": [],
            "license_type": "",
            "location": "westeurope",
            "max_bid_price": -1,
            "name": "mim-frontend-vm",
            "network_interface_ids": [
              "/subscriptions/9c2d44b8-0b58-4481-8de2-41223a92f641/resourceGroups/mim-resource-group/providers/Microsoft.Network/networkInterfaces/mim-frontend-nic"
            ],
            "os_disk": [
              {
                "caching": "ReadWrite",
                "diff_disk_settings": [],
                "disk_encryption_set_id": "",
                "disk_size_gb": 30,
                "id": "/subscriptions/9c2d44b8-0b58-4481-8de2-41223a92f641/resourceGroups/mim-resource-group/providers/Microsoft.Compute/disks/mim-frontend-vm_OsDisk_1_fc8e5402de0c4868b97737fc4abf3f2d",
                "name": "mim-frontend-vm_OsDisk_1_fc8e5402de0c4868b97737fc4abf3f2d",
                "secure_vm_disk_encryption_set_id": "",
                "security_encryption_type": "",
                "storage_account_type": "Standard_LRS",
                "write_accelerator_enabled": false
              }
            ],
            "os_image_notification": [],
            "patch_assessment_mode": "ImageDefault",
            "patch_mode": "ImageDefault",
            "plan": [],
            "platform_fault_domain": -1,
            "priority": "Regular",
            "private_ip_address": "10.0.1.4",
            "private_ip_addresses": [
              "10.0.1.4"
            ],
            "provision_vm_agent": true,
            "proximity_placement_group_id": "",
            "public_ip_address": "20.23.226.124",
            "public_ip_addresses": [
              "20.23.226.124"
            ],
            "reboot_setting": "",
            "resource_group_name": "mim-resource-group",
            "secret": [],
            "secure_boot_enabled": false,
            "size": "Standard_B1s",
            "source_image_id": "",
            "source_image_reference": [
              {
                "offer": "0001-com-ubuntu-server-jammy",
                "publisher": "Canonical",
                "sku": "22_04-lts",
                "version": "latest"
              }
            ],
            "tags": {},
            "termination_notification": [],
            "timeouts": null,
            "user_data": "",
            "virtual_machine_id": "358124d4-672c-4d3b-afaf-b857d46fa66b",
            "virtual_machine_scale_set_id": "",
            "vm_agent_platform_updates_enabled": false,
            "vtpm_enabled": false,
            "zone": ""
          },
          "sensitive_attributes": [
            [
              {
                "type": "get_attr",
                "value": "custom_data"
              }
            ],
            [
              {
                "type": "get_attr",
                "value": "admin_password"
              }
            ],
            [
              {
                "type": "get_attr",
                "value": "admin_username"
              }
            ]
          ],
          "private": "eyJlMmJmYjczMC1lY2FhLTExZTYtOGY4OC0zNDM2M2JjN2M0YzAiOnsiY3JlYXRlIjoyNzAwMDAwMDAwMDAwLCJkZWxldGUiOjI3MDAwMDAwMDAwMDAsInJlYWQiOjMwMDAwMDAwMDAwMCwidXBkYXRlIjoyNzAwMDAwMDAwMDAwfX0=",
          "dependencies": [
            "module.frontend_subnet.azurerm_subnet.subnet",
            "module.frontend_vm.azurerm_network_interface.nic",
            "module.frontend_vm.data.azurerm_key_vault.key_vault",
            "module.frontend_vm.data.azurerm_key_vault_secret.password",
            "module.frontend_vm.data.azurerm_key_vault_secret.username",
            "module.frontend_vm.data.azurerm_public_ip.pip",
            "module.frontend_vm.data.azurerm_subnet.subnet",
            "module.key_vault.azurerm_key_vault.kv",
            "module.key_vault.data.azurerm_client_config.current",
            "module.public_ip_frontend.azurerm_public_ip.pip",
            "module.rg.azurerm_resource_group.rg",
            "module.vm_password.azurerm_key_vault_secret.secret",
            "module.vm_password.data.azurerm_key_vault.kv",
            "module.vm_username.azurerm_key_vault_secret.secret",
            "module.vm_username.data.azurerm_key_vault.kv",
            "module.vnet.azurerm_virtual_network.vnet"
          ]
        }
      ]
    },
    {
      "module": "module.frontend_vm",
      "mode": "managed",
      "type": "azurerm_network_interface",
      "name": "nic",
      "provider": "provider[\"registry.terraform.io/hashicorp/azurerm\"]",
      "instances": [
        {
          "schema_version": 0,
          "attributes": {
            "accelerated_networking_enabled": false,
            "applied_dns_servers": [],
            "auxiliary_mode": "",
            "auxiliary_sku": "",
            "dns_servers": [],
            "edge_zone": "",
            "id": "/subscriptions/9c2d44b8-0b58-4481-8de2-41223a92f641/resourceGroups/mim-resource-group/providers/Microsoft.Network/networkInterfaces/mim-frontend-nic",
            "internal_dns_name_label": "",
            "internal_domain_name_suffix": "4kxfpotgvayenfs1lgmuaavdva.ax.internal.cloudapp.net",
            "ip_configuration": [
              {
                "gateway_load_balancer_frontend_ip_configuration_id": "",
                "name": "internal",
                "primary": true,
                "private_ip_address": "10.0.1.4",
                "private_ip_address_allocation": "Dynamic",
                "private_ip_address_version": "IPv4",
                "public_ip_address_id": "/subscriptions/9c2d44b8-0b58-4481-8de2-41223a92f641/resourceGroups/mim-resource-group/providers/Microsoft.Network/publicIPAddresses/mim-frontend-pip",
                "subnet_id": "/subscriptions/9c2d44b8-0b58-4481-8de2-41223a92f641/resourceGroups/mim-resource-group/providers/Microsoft.Network/virtualNetworks/mim-vnet/subnets/mim-frontend-subnet"
              }
            ],
            "ip_forwarding_enabled": false,
            "location": "westeurope",
            "mac_address": "7C-1E-52-11-7F-B8",
            "name": "mim-frontend-nic",
            "private_ip_address": "10.0.1.4",
            "private_ip_addresses": [
              "10.0.1.4"
            ],
            "resource_group_name": "mim-resource-group",
            "tags": {},
            "timeouts": null,
            "virtual_machine_id": "/subscriptions/9c2d44b8-0b58-4481-8de2-41223a92f641/resourceGroups/mim-resource-group/providers/Microsoft.Compute/virtualMachines/mim-frontend-vm"
          },
          "sensitive_attributes": [],
          "private": "eyJlMmJmYjczMC1lY2FhLTExZTYtOGY4OC0zNDM2M2JjN2M0YzAiOnsiY3JlYXRlIjoxODAwMDAwMDAwMDAwLCJkZWxldGUiOjE4MDAwMDAwMDAwMDAsInJlYWQiOjMwMDAwMDAwMDAwMCwidXBkYXRlIjoxODAwMDAwMDAwMDAwfX0=",
          "dependencies": [
            "module.frontend_subnet.azurerm_subnet.subnet",
            "module.frontend_vm.data.azurerm_public_ip.pip",
            "module.frontend_vm.data.azurerm_subnet.subnet",
            "module.key_vault.azurerm_key_vault.kv",
            "module.key_vault.data.azurerm_client_config.current",
            "module.public_ip_frontend.azurerm_public_ip.pip",
            "module.rg.azurerm_resource_group.rg",
            "module.vm_password.azurerm_key_vault_secret.secret",
            "module.vm_password.data.azurerm_key_vault.kv",
            "module.vm_username.azurerm_key_vault_secret.secret",
            "module.vm_username.data.azurerm_key_vault.kv",
            "module.vnet.azurerm_virtual_network.vnet"
          ]
        }
      ]
    },
    {
      "module": "module.key_vault",
      "mode": "data",
      "type": "azurerm_client_config",
      "name": "current",
      "provider": "provider[\"registry.terraform.io/hashicorp/azurerm\"]",
      "instances": [
        {
          "schema_version": 0,
          "attributes": {
            "client_id": "04b07795-8ddb-461a-bbee-02f9e1bf7b46",
            "id": "Y2xpZW50Q29uZmlncy9jbGllbnRJZD0wNGIwNzc5NS04ZGRiLTQ2MWEtYmJlZS0wMmY5ZTFiZjdiNDY7b2JqZWN0SWQ9YTc4MWZmMmEtNDI3Yi00MDQ2LWJkMDgtNWE3NjY3NmU5OGMyO3N1YnNjcmlwdGlvbklkPTljMmQ0NGI4LTBiNTgtNDQ4MS04ZGUyLTQxMjIzYTkyZjY0MTt0ZW5hbnRJZD0zMzlkNzllYy05ZjIwLTRhZmMtYWNlYi1jMzJlMzg2MzI2OWM=",
            "object_id": "a781ff2a-427b-4046-bd08-5a76676e98c2",
            "subscription_id": "9c2d44b8-0b58-4481-8de2-41223a92f641",
            "tenant_id": "339d79ec-9f20-4afc-aceb-c32e3863269c",
            "timeouts": null
          },
          "sensitive_attributes": []
        }
      ]
    },
    {
      "module": "module.key_vault",
      "mode": "managed",
      "type": "azurerm_key_vault",
      "name": "kv",
      "provider": "provider[\"registry.terraform.io/hashicorp/azurerm\"]",
      "instances": [
        {
          "schema_version": 2,
          "attributes": {
            "access_policy": [
              {
                "application_id": "",
                "certificate_permissions": [],
                "key_permissions": [
                  "Get",
                  "Create",
                  "Delete",
                  "List",
                  "Update",
                  "Import",
                  "Purge",
                  "Recover",
                  "Backup",
                  "Restore"
                ],
                "object_id": "a781ff2a-427b-4046-bd08-5a76676e98c2",
                "secret_permissions": [
                  "Get",
                  "Set",
                  "Delete",
                  "List",
                  "Recover",
                  "Purge"
                ],
                "storage_permissions": [
                  "Get",
                  "Set",
                  "Delete",
                  "List",
                  "Recover",
                  "Purge"
                ],
                "tenant_id": "339d79ec-9f20-4afc-aceb-c32e3863269c"
              }
            ],
            "contact": [],
            "enable_rbac_authorization": false,
            "enabled_for_deployment": false,
            "enabled_for_disk_encryption": true,
            "enabled_for_template_deployment": false,
            "id": "/subscriptions/9c2d44b8-0b58-4481-8de2-41223a92f641/resourceGroups/mim-resource-group/providers/Microsoft.KeyVault/vaults/mim-key-vault-22",
            "location": "westeurope",
            "name": "mim-key-vault-22",
            "network_acls": [
              {
                "bypass": "AzureServices",
                "default_action": "Allow",
                "ip_rules": [],
                "virtual_network_subnet_ids": []
              }
            ],
            "public_network_access_enabled": true,
            "purge_protection_enabled": false,
            "resource_group_name": "mim-resource-group",
            "sku_name": "standard",
            "soft_delete_retention_days": 7,
            "tags": {},
            "tenant_id": "339d79ec-9f20-4afc-aceb-c32e3863269c",
            "timeouts": null,
            "vault_uri": "https://mim-key-vault-22.vault.azure.net/"
          },
          "sensitive_attributes": [],
          "private": "eyJlMmJmYjczMC1lY2FhLTExZTYtOGY4OC0zNDM2M2JjN2M0YzAiOnsiY3JlYXRlIjoxODAwMDAwMDAwMDAwLCJkZWxldGUiOjE4MDAwMDAwMDAwMDAsInJlYWQiOjMwMDAwMDAwMDAwMCwidXBkYXRlIjoxODAwMDAwMDAwMDAwfSwic2NoZW1hX3ZlcnNpb24iOiIyIn0=",
          "dependencies": [
            "module.key_vault.data.azurerm_client_config.current",
            "module.rg.azurerm_resource_group.rg"
          ]
        }
      ]
    },
    {
      "module": "module.public_ip_backend",
      "mode": "managed",
      "type": "azurerm_public_ip",
      "name": "pip",
      "provider": "provider[\"registry.terraform.io/hashicorp/azurerm\"]",
      "instances": [
        {
          "schema_version": 0,
          "attributes": {
            "allocation_method": "Static",
            "ddos_protection_mode": "VirtualNetworkInherited",
            "ddos_protection_plan_id": null,
            "domain_name_label": null,
            "domain_name_label_scope": null,
            "edge_zone": "",
            "fqdn": null,
            "id": "/subscriptions/9c2d44b8-0b58-4481-8de2-41223a92f641/resourceGroups/mim-resource-group/providers/Microsoft.Network/publicIPAddresses/mim-backend-pip",
            "idle_timeout_in_minutes": 4,
            "ip_address": "4.180.164.83",
            "ip_tags": {},
            "ip_version": "IPv4",
            "location": "westeurope",
            "name": "mim-backend-pip",
            "public_ip_prefix_id": null,
            "resource_group_name": "mim-resource-group",
            "reverse_fqdn": null,
            "sku": "Standard",
            "sku_tier": "Regional",
            "tags": {},
            "timeouts": null,
            "zones": []
          },
          "sensitive_attributes": [],
          "private": "eyJlMmJmYjczMC1lY2FhLTExZTYtOGY4OC0zNDM2M2JjN2M0YzAiOnsiY3JlYXRlIjoxODAwMDAwMDAwMDAwLCJkZWxldGUiOjE4MDAwMDAwMDAwMDAsInJlYWQiOjMwMDAwMDAwMDAwMCwidXBkYXRlIjoxODAwMDAwMDAwMDAwfX0=",
          "dependencies": [
            "module.rg.azurerm_resource_group.rg"
          ]
        }
      ]
    },
    {
      "module": "module.public_ip_frontend",
      "mode": "managed",
      "type": "azurerm_public_ip",
      "name": "pip",
      "provider": "provider[\"registry.terraform.io/hashicorp/azurerm\"]",
      "instances": [
        {
          "schema_version": 0,
          "attributes": {
            "allocation_method": "Static",
            "ddos_protection_mode": "VirtualNetworkInherited",
            "ddos_protection_plan_id": null,
            "domain_name_label": null,
            "domain_name_label_scope": null,
            "edge_zone": "",
            "fqdn": null,
            "id": "/subscriptions/9c2d44b8-0b58-4481-8de2-41223a92f641/resourceGroups/mim-resource-group/providers/Microsoft.Network/publicIPAddresses/mim-frontend-pip",
            "idle_timeout_in_minutes": 4,
            "ip_address": "20.23.226.124",
            "ip_tags": {},
            "ip_version": "IPv4",
            "location": "westeurope",
            "name": "mim-frontend-pip",
            "public_ip_prefix_id": null,
            "resource_group_name": "mim-resource-group",
            "reverse_fqdn": null,
            "sku": "Standard",
            "sku_tier": "Regional",
            "tags": {},
            "timeouts": null,
            "zones": []
          },
          "sensitive_attributes": [],
          "private": "eyJlMmJmYjczMC1lY2FhLTExZTYtOGY4OC0zNDM2M2JjN2M0YzAiOnsiY3JlYXRlIjoxODAwMDAwMDAwMDAwLCJkZWxldGUiOjE4MDAwMDAwMDAwMDAsInJlYWQiOjMwMDAwMDAwMDAwMCwidXBkYXRlIjoxODAwMDAwMDAwMDAwfX0=",
          "dependencies": [
            "module.rg.azurerm_resource_group.rg"
          ]
        }
      ]
    },
    {
      "module": "module.rg",
      "mode": "managed",
      "type": "azurerm_resource_group",
      "name": "rg",
      "provider": "provider[\"registry.terraform.io/hashicorp/azurerm\"]",
      "instances": [
        {
          "schema_version": 0,
          "attributes": {
            "id": "/subscriptions/9c2d44b8-0b58-4481-8de2-41223a92f641/resourceGroups/mim-resource-group",
            "location": "westeurope",
            "managed_by": "",
            "name": "mim-resource-group",
            "tags": {},
            "timeouts": null
          },
          "sensitive_attributes": [],
          "private": "eyJlMmJmYjczMC1lY2FhLTExZTYtOGY4OC0zNDM2M2JjN2M0YzAiOnsiY3JlYXRlIjo1NDAwMDAwMDAwMDAwLCJkZWxldGUiOjU0MDAwMDAwMDAwMDAsInJlYWQiOjMwMDAwMDAwMDAwMCwidXBkYXRlIjo1NDAwMDAwMDAwMDAwfX0="
        }
      ]
    },
    {
      "module": "module.sql_db",
      "mode": "data",
      "type": "azurerm_mssql_server",
      "name": "sql_server",
      "provider": "provider[\"registry.terraform.io/hashicorp/azurerm\"]",
      "instances": [
        {
          "schema_version": 0,
          "attributes": {
            "administrator_login": "missadministrator",
            "express_vulnerability_assessment_enabled": false,
            "fully_qualified_domain_name": "mim-sql-server-ne.database.windows.net",
            "id": "/subscriptions/9c2d44b8-0b58-4481-8de2-41223a92f641/resourceGroups/mim-resource-group/providers/Microsoft.Sql/servers/mim-sql-server-ne",
            "identity": [],
            "location": "northeurope",
            "name": "mim-sql-server-ne",
            "resource_group_name": "mim-resource-group",
            "restorable_dropped_database_ids": [],
            "tags": {},
            "timeouts": null,
            "transparent_data_encryption_key_vault_key_id": "",
            "version": "12.0"
          },
          "sensitive_attributes": []
        }
      ]
    },
    {
      "module": "module.sql_db",
      "mode": "managed",
      "type": "azurerm_mssql_database",
      "name": "sql_db",
      "provider": "provider[\"registry.terraform.io/hashicorp/azurerm\"]",
      "instances": [
        {
          "schema_version": 1,
          "attributes": {
            "auto_pause_delay_in_minutes": 0,
            "collation": "SQL_Latin1_General_CP1_CI_AS",
            "create_mode": "Default",
            "creation_source_database_id": null,
            "elastic_pool_id": "",
            "enclave_type": "",
            "geo_backup_enabled": true,
            "id": "/subscriptions/9c2d44b8-0b58-4481-8de2-41223a92f641/resourceGroups/mim-resource-group/providers/Microsoft.Sql/servers/mim-sql-server-ne/databases/mim-sql-db",
            "identity": [],
            "import": [],
            "ledger_enabled": false,
            "license_type": "LicenseIncluded",
            "long_term_retention_policy": [
              {
                "immutable_backups_enabled": false,
                "monthly_retention": "PT0S",
                "week_of_year": 1,
                "weekly_retention": "PT0S",
                "yearly_retention": "PT0S"
              }
            ],
            "maintenance_configuration_name": "SQL_Default",
            "max_size_gb": 50,
            "min_capacity": 0,
            "name": "mim-sql-db",
            "read_replica_count": 0,
            "read_scale": false,
            "recover_database_id": null,
            "recovery_point_id": null,
            "restore_dropped_database_id": null,
            "restore_long_term_retention_backup_id": null,
            "restore_point_in_time": null,
            "sample_name": null,
            "secondary_type": "",
            "server_id": "/subscriptions/9c2d44b8-0b58-4481-8de2-41223a92f641/resourceGroups/mim-resource-group/providers/Microsoft.Sql/servers/mim-sql-server-ne",
            "short_term_retention_policy": [
              {
                "backup_interval_in_hours": 24,
                "retention_days": 7
              }
            ],
            "sku_name": "S0",
            "storage_account_type": "Geo",
            "tags": {},
            "threat_detection_policy": [
              {
                "disabled_alerts": [],
                "email_account_admins": "Disabled",
                "email_addresses": [],
                "retention_days": 0,
                "state": "Disabled",
                "storage_account_access_key": "",
                "storage_endpoint": ""
              }
            ],
            "timeouts": null,
            "transparent_data_encryption_enabled": true,
            "transparent_data_encryption_key_automatic_rotation_enabled": false,
            "transparent_data_encryption_key_vault_key_id": "",
            "zone_redundant": false
          },
          "sensitive_attributes": [
            [
              {
                "type": "get_attr",
                "value": "threat_detection_policy"
              },
              {
                "type": "index",
                "value": {
                  "value": 0,
                  "type": "number"
                }
              },
              {
                "type": "get_attr",
                "value": "storage_account_access_key"
              }
            ]
          ],
          "private": "eyJlMmJmYjczMC1lY2FhLTExZTYtOGY4OC0zNDM2M2JjN2M0YzAiOnsiY3JlYXRlIjozNjAwMDAwMDAwMDAwLCJkZWxldGUiOjM2MDAwMDAwMDAwMDAsInJlYWQiOjMwMDAwMDAwMDAwMCwidXBkYXRlIjozNjAwMDAwMDAwMDAwfSwic2NoZW1hX3ZlcnNpb24iOiIxIn0=",
          "dependencies": [
            "module.key_vault.azurerm_key_vault.kv",
            "module.key_vault.data.azurerm_client_config.current",
            "module.rg.azurerm_resource_group.rg",
            "module.sql_db.data.azurerm_mssql_server.sql_server",
            "module.sql_login.azurerm_key_vault_secret.secret",
            "module.sql_login.data.azurerm_key_vault.kv",
            "module.sql_password.azurerm_key_vault_secret.secret",
            "module.sql_password.data.azurerm_key_vault.kv",
            "module.sql_server.azurerm_mssql_server.sql_server",
            "module.sql_server.data.azurerm_key_vault.kv",
            "module.sql_server.data.azurerm_key_vault_secret.secret_login",
            "module.sql_server.data.azurerm_key_vault_secret.secret_password"
          ]
        }
      ]
    },
    {
      "module": "module.sql_login",
      "mode": "data",
      "type": "azurerm_key_vault",
      "name": "kv",
      "provider": "provider[\"registry.terraform.io/hashicorp/azurerm\"]",
      "instances": [
        {
          "schema_version": 0,
          "attributes": {
            "access_policy": [
              {
                "application_id": "",
                "certificate_permissions": [],
                "key_permissions": [
                  "Get",
                  "Create",
                  "Delete",
                  "List",
                  "Update",
                  "Import",
                  "Purge",
                  "Recover",
                  "Backup",
                  "Restore"
                ],
                "object_id": "a781ff2a-427b-4046-bd08-5a76676e98c2",
                "secret_permissions": [
                  "Get",
                  "Set",
                  "Delete",
                  "List",
                  "Recover",
                  "Purge"
                ],
                "storage_permissions": [
                  "Get",
                  "Set",
                  "Delete",
                  "List",
                  "Recover",
                  "Purge"
                ],
                "tenant_id": "339d79ec-9f20-4afc-aceb-c32e3863269c"
              }
            ],
            "enable_rbac_authorization": false,
            "enabled_for_deployment": false,
            "enabled_for_disk_encryption": true,
            "enabled_for_template_deployment": false,
            "id": "/subscriptions/9c2d44b8-0b58-4481-8de2-41223a92f641/resourceGroups/mim-resource-group/providers/Microsoft.KeyVault/vaults/mim-key-vault-22",
            "location": "westeurope",
            "name": "mim-key-vault-22",
            "network_acls": [],
            "public_network_access_enabled": true,
            "purge_protection_enabled": false,
            "resource_group_name": "mim-resource-group",
            "sku_name": "standard",
            "tags": {},
            "tenant_id": "339d79ec-9f20-4afc-aceb-c32e3863269c",
            "timeouts": null,
            "vault_uri": "https://mim-key-vault-22.vault.azure.net/"
          },
          "sensitive_attributes": []
        }
      ]
    },
    {
      "module": "module.sql_login",
      "mode": "managed",
      "type": "azurerm_key_vault_secret",
      "name": "secret",
      "provider": "provider[\"registry.terraform.io/hashicorp/azurerm\"]",
      "instances": [
        {
          "schema_version": 0,
          "attributes": {
            "content_type": "",
            "expiration_date": null,
            "id": "https://mim-key-vault-22.vault.azure.net/secrets/sql-login/4abb45fe7ae3442bac1304e12167b0ba",
            "key_vault_id": "/subscriptions/9c2d44b8-0b58-4481-8de2-41223a92f641/resourceGroups/mim-resource-group/providers/Microsoft.KeyVault/vaults/mim-key-vault-22",
            "name": "sql-login",
            "not_before_date": null,
            "resource_id": "/subscriptions/9c2d44b8-0b58-4481-8de2-41223a92f641/resourceGroups/mim-resource-group/providers/Microsoft.KeyVault/vaults/mim-key-vault-22/secrets/sql-login/versions/4abb45fe7ae3442bac1304e12167b0ba",
            "resource_versionless_id": "/subscriptions/9c2d44b8-0b58-4481-8de2-41223a92f641/resourceGroups/mim-resource-group/providers/Microsoft.KeyVault/vaults/mim-key-vault-22/secrets/sql-login",
            "tags": {},
            "timeouts": null,
            "value": "missadministrator",
            "value_wo": null,
            "value_wo_version": 0,
            "version": "4abb45fe7ae3442bac1304e12167b0ba",
            "versionless_id": "https://mim-key-vault-22.vault.azure.net/secrets/sql-login"
          },
          "sensitive_attributes": [
            [
              {
                "type": "get_attr",
                "value": "value"
              }
            ]
          ],
          "private": "eyJlMmJmYjczMC1lY2FhLTExZTYtOGY4OC0zNDM2M2JjN2M0YzAiOnsiY3JlYXRlIjoxODAwMDAwMDAwMDAwLCJkZWxldGUiOjE4MDAwMDAwMDAwMDAsInJlYWQiOjE4MDAwMDAwMDAwMDAsInVwZGF0ZSI6MTgwMDAwMDAwMDAwMH19",
          "dependencies": [
            "module.key_vault.azurerm_key_vault.kv",
            "module.key_vault.data.azurerm_client_config.current",
            "module.rg.azurerm_resource_group.rg",
            "module.sql_login.data.azurerm_key_vault.kv"
          ]
        }
      ]
    },
    {
      "module": "module.sql_password",
      "mode": "data",
      "type": "azurerm_key_vault",
      "name": "kv",
      "provider": "provider[\"registry.terraform.io/hashicorp/azurerm\"]",
      "instances": [
        {
          "schema_version": 0,
          "attributes": {
            "access_policy": [
              {
                "application_id": "",
                "certificate_permissions": [],
                "key_permissions": [
                  "Get",
                  "Create",
                  "Delete",
                  "List",
                  "Update",
                  "Import",
                  "Purge",
                  "Recover",
                  "Backup",
                  "Restore"
                ],
                "object_id": "a781ff2a-427b-4046-bd08-5a76676e98c2",
                "secret_permissions": [
                  "Get",
                  "Set",
                  "Delete",
                  "List",
                  "Recover",
                  "Purge"
                ],
                "storage_permissions": [
                  "Get",
                  "Set",
                  "Delete",
                  "List",
                  "Recover",
                  "Purge"
                ],
                "tenant_id": "339d79ec-9f20-4afc-aceb-c32e3863269c"
              }
            ],
            "enable_rbac_authorization": false,
            "enabled_for_deployment": false,
            "enabled_for_disk_encryption": true,
            "enabled_for_template_deployment": false,
            "id": "/subscriptions/9c2d44b8-0b58-4481-8de2-41223a92f641/resourceGroups/mim-resource-group/providers/Microsoft.KeyVault/vaults/mim-key-vault-22",
            "location": "westeurope",
            "name": "mim-key-vault-22",
            "network_acls": [],
            "public_network_access_enabled": true,
            "purge_protection_enabled": false,
            "resource_group_name": "mim-resource-group",
            "sku_name": "standard",
            "tags": {},
            "tenant_id": "339d79ec-9f20-4afc-aceb-c32e3863269c",
            "timeouts": null,
            "vault_uri": "https://mim-key-vault-22.vault.azure.net/"
          },
          "sensitive_attributes": []
        }
      ]
    },
    {
      "module": "module.sql_password",
      "mode": "managed",
      "type": "azurerm_key_vault_secret",
      "name": "secret",
      "provider": "provider[\"registry.terraform.io/hashicorp/azurerm\"]",
      "instances": [
        {
          "schema_version": 0,
          "attributes": {
            "content_type": "",
            "expiration_date": null,
            "id": "https://mim-key-vault-22.vault.azure.net/secrets/sql-password/42737fba4f504c18ada43b11aa3b896d",
            "key_vault_id": "/subscriptions/9c2d44b8-0b58-4481-8de2-41223a92f641/resourceGroups/mim-resource-group/providers/Microsoft.KeyVault/vaults/mim-key-vault-22",
            "name": "sql-password",
            "not_before_date": null,
            "resource_id": "/subscriptions/9c2d44b8-0b58-4481-8de2-41223a92f641/resourceGroups/mim-resource-group/providers/Microsoft.KeyVault/vaults/mim-key-vault-22/secrets/sql-password/versions/42737fba4f504c18ada43b11aa3b896d",
            "resource_versionless_id": "/subscriptions/9c2d44b8-0b58-4481-8de2-41223a92f641/resourceGroups/mim-resource-group/providers/Microsoft.KeyVault/vaults/mim-key-vault-22/secrets/sql-password",
            "tags": {},
            "timeouts": null,
            "value": "thisIsKat11",
            "value_wo": null,
            "value_wo_version": 0,
            "version": "42737fba4f504c18ada43b11aa3b896d",
            "versionless_id": "https://mim-key-vault-22.vault.azure.net/secrets/sql-password"
          },
          "sensitive_attributes": [
            [
              {
                "type": "get_attr",
                "value": "value"
              }
            ]
          ],
          "private": "eyJlMmJmYjczMC1lY2FhLTExZTYtOGY4OC0zNDM2M2JjN2M0YzAiOnsiY3JlYXRlIjoxODAwMDAwMDAwMDAwLCJkZWxldGUiOjE4MDAwMDAwMDAwMDAsInJlYWQiOjE4MDAwMDAwMDAwMDAsInVwZGF0ZSI6MTgwMDAwMDAwMDAwMH19",
          "dependencies": [
            "module.key_vault.azurerm_key_vault.kv",
            "module.key_vault.data.azurerm_client_config.current",
            "module.rg.azurerm_resource_group.rg",
            "module.sql_password.data.azurerm_key_vault.kv"
          ]
        }
      ]
    },
    {
      "module": "module.sql_server",
      "mode": "data",
      "type": "azurerm_key_vault",
      "name": "kv",
      "provider": "provider[\"registry.terraform.io/hashicorp/azurerm\"]",
      "instances": [
        {
          "schema_version": 0,
          "attributes": {
            "access_policy": [
              {
                "application_id": "",
                "certificate_permissions": [],
                "key_permissions": [
                  "Get",
                  "Create",
                  "Delete",
                  "List",
                  "Update",
                  "Import",
                  "Purge",
                  "Recover",
                  "Backup",
                  "Restore"
                ],
                "object_id": "a781ff2a-427b-4046-bd08-5a76676e98c2",
                "secret_permissions": [
                  "Get",
                  "Set",
                  "Delete",
                  "List",
                  "Recover",
                  "Purge"
                ],
                "storage_permissions": [
                  "Get",
                  "Set",
                  "Delete",
                  "List",
                  "Recover",
                  "Purge"
                ],
                "tenant_id": "339d79ec-9f20-4afc-aceb-c32e3863269c"
              }
            ],
            "enable_rbac_authorization": false,
            "enabled_for_deployment": false,
            "enabled_for_disk_encryption": true,
            "enabled_for_template_deployment": false,
            "id": "/subscriptions/9c2d44b8-0b58-4481-8de2-41223a92f641/resourceGroups/mim-resource-group/providers/Microsoft.KeyVault/vaults/mim-key-vault-22",
            "location": "westeurope",
            "name": "mim-key-vault-22",
            "network_acls": [],
            "public_network_access_enabled": true,
            "purge_protection_enabled": false,
            "resource_group_name": "mim-resource-group",
            "sku_name": "standard",
            "tags": {},
            "tenant_id": "339d79ec-9f20-4afc-aceb-c32e3863269c",
            "timeouts": null,
            "vault_uri": "https://mim-key-vault-22.vault.azure.net/"
          },
          "sensitive_attributes": []
        }
      ]
    },
    {
      "module": "module.sql_server",
      "mode": "data",
      "type": "azurerm_key_vault_secret",
      "name": "secret_login",
      "provider": "provider[\"registry.terraform.io/hashicorp/azurerm\"]",
      "instances": [
        {
          "schema_version": 0,
          "attributes": {
            "content_type": "",
            "expiration_date": null,
            "id": "https://mim-key-vault-22.vault.azure.net/secrets/sql-login/4abb45fe7ae3442bac1304e12167b0ba",
            "key_vault_id": "/subscriptions/9c2d44b8-0b58-4481-8de2-41223a92f641/resourceGroups/mim-resource-group/providers/Microsoft.KeyVault/vaults/mim-key-vault-22",
            "name": "sql-login",
            "not_before_date": null,
            "resource_id": "/subscriptions/9c2d44b8-0b58-4481-8de2-41223a92f641/resourceGroups/mim-resource-group/providers/Microsoft.KeyVault/vaults/mim-key-vault-22/secrets/sql-login/versions/4abb45fe7ae3442bac1304e12167b0ba",
            "resource_versionless_id": "/subscriptions/9c2d44b8-0b58-4481-8de2-41223a92f641/resourceGroups/mim-resource-group/providers/Microsoft.KeyVault/vaults/mim-key-vault-22/secrets/sql-login",
            "tags": {},
            "timeouts": null,
            "value": "missadministrator",
            "version": "4abb45fe7ae3442bac1304e12167b0ba",
            "versionless_id": "https://mim-key-vault-22.vault.azure.net/secrets/sql-login"
          },
          "sensitive_attributes": [
            [
              {
                "type": "get_attr",
                "value": "value"
              }
            ]
          ]
        }
      ]
    },
    {
      "module": "module.sql_server",
      "mode": "data",
      "type": "azurerm_key_vault_secret",
      "name": "secret_password",
      "provider": "provider[\"registry.terraform.io/hashicorp/azurerm\"]",
      "instances": [
        {
          "schema_version": 0,
          "attributes": {
            "content_type": "",
            "expiration_date": null,
            "id": "https://mim-key-vault-22.vault.azure.net/secrets/sql-password/42737fba4f504c18ada43b11aa3b896d",
            "key_vault_id": "/subscriptions/9c2d44b8-0b58-4481-8de2-41223a92f641/resourceGroups/mim-resource-group/providers/Microsoft.KeyVault/vaults/mim-key-vault-22",
            "name": "sql-password",
            "not_before_date": null,
            "resource_id": "/subscriptions/9c2d44b8-0b58-4481-8de2-41223a92f641/resourceGroups/mim-resource-group/providers/Microsoft.KeyVault/vaults/mim-key-vault-22/secrets/sql-password/versions/42737fba4f504c18ada43b11aa3b896d",
            "resource_versionless_id": "/subscriptions/9c2d44b8-0b58-4481-8de2-41223a92f641/resourceGroups/mim-resource-group/providers/Microsoft.KeyVault/vaults/mim-key-vault-22/secrets/sql-password",
            "tags": {},
            "timeouts": null,
            "value": "thisIsKat11",
            "version": "42737fba4f504c18ada43b11aa3b896d",
            "versionless_id": "https://mim-key-vault-22.vault.azure.net/secrets/sql-password"
          },
          "sensitive_attributes": [
            [
              {
                "type": "get_attr",
                "value": "value"
              }
            ]
          ]
        }
      ]
    },
    {
      "module": "module.sql_server",
      "mode": "managed",
      "type": "azurerm_mssql_server",
      "name": "sql_server",
      "provider": "provider[\"registry.terraform.io/hashicorp/azurerm\"]",
      "instances": [
        {
          "schema_version": 0,
          "attributes": {
            "administrator_login": "missadministrator",
            "administrator_login_password": "thisIsKat11",
            "administrator_login_password_wo": null,
            "administrator_login_password_wo_version": 0,
            "azuread_administrator": [],
            "connection_policy": "Default",
            "express_vulnerability_assessment_enabled": false,
            "fully_qualified_domain_name": "mim-sql-server-ne.database.windows.net",
            "id": "/subscriptions/9c2d44b8-0b58-4481-8de2-41223a92f641/resourceGroups/mim-resource-group/providers/Microsoft.Sql/servers/mim-sql-server-ne",
            "identity": [],
            "location": "northeurope",
            "minimum_tls_version": "1.2",
            "name": "mim-sql-server-ne",
            "outbound_network_restriction_enabled": false,
            "primary_user_assigned_identity_id": "",
            "public_network_access_enabled": true,
            "resource_group_name": "mim-resource-group",
            "restorable_dropped_database_ids": [],
            "tags": {},
            "timeouts": null,
            "transparent_data_encryption_key_vault_key_id": "",
            "version": "12.0"
          },
          "sensitive_attributes": [
            [
              {
                "type": "get_attr",
                "value": "administrator_login_password"
              }
            ],
            [
              {
                "type": "get_attr",
                "value": "administrator_login"
              }
            ],
            [
              {
                "type": "get_attr",
                "value": "administrator_login_password_wo"
              }
            ]
          ],
          "private": "eyJlMmJmYjczMC1lY2FhLTExZTYtOGY4OC0zNDM2M2JjN2M0YzAiOnsiY3JlYXRlIjozNjAwMDAwMDAwMDAwLCJkZWxldGUiOjM2MDAwMDAwMDAwMDAsInJlYWQiOjMwMDAwMDAwMDAwMCwidXBkYXRlIjozNjAwMDAwMDAwMDAwfX0=",
          "dependencies": [
            "module.key_vault.azurerm_key_vault.kv",
            "module.key_vault.data.azurerm_client_config.current",
            "module.rg.azurerm_resource_group.rg",
            "module.sql_login.azurerm_key_vault_secret.secret",
            "module.sql_login.data.azurerm_key_vault.kv",
            "module.sql_password.azurerm_key_vault_secret.secret",
            "module.sql_password.data.azurerm_key_vault.kv",
            "module.sql_server.data.azurerm_key_vault.kv",
            "module.sql_server.data.azurerm_key_vault_secret.secret_login",
            "module.sql_server.data.azurerm_key_vault_secret.secret_password"
          ]
        }
      ]
    },
    {
      "module": "module.vm_password",
      "mode": "data",
      "type": "azurerm_key_vault",
      "name": "kv",
      "provider": "provider[\"registry.terraform.io/hashicorp/azurerm\"]",
      "instances": [
        {
          "schema_version": 0,
          "attributes": {
            "access_policy": [
              {
                "application_id": "",
                "certificate_permissions": [],
                "key_permissions": [
                  "Get",
                  "Create",
                  "Delete",
                  "List",
                  "Update",
                  "Import",
                  "Purge",
                  "Recover",
                  "Backup",
                  "Restore"
                ],
                "object_id": "a781ff2a-427b-4046-bd08-5a76676e98c2",
                "secret_permissions": [
                  "Get",
                  "Set",
                  "Delete",
                  "List",
                  "Recover",
                  "Purge"
                ],
                "storage_permissions": [
                  "Get",
                  "Set",
                  "Delete",
                  "List",
                  "Recover",
                  "Purge"
                ],
                "tenant_id": "339d79ec-9f20-4afc-aceb-c32e3863269c"
              }
            ],
            "enable_rbac_authorization": false,
            "enabled_for_deployment": false,
            "enabled_for_disk_encryption": true,
            "enabled_for_template_deployment": false,
            "id": "/subscriptions/9c2d44b8-0b58-4481-8de2-41223a92f641/resourceGroups/mim-resource-group/providers/Microsoft.KeyVault/vaults/mim-key-vault-22",
            "location": "westeurope",
            "name": "mim-key-vault-22",
            "network_acls": [],
            "public_network_access_enabled": true,
            "purge_protection_enabled": false,
            "resource_group_name": "mim-resource-group",
            "sku_name": "standard",
            "tags": {},
            "tenant_id": "339d79ec-9f20-4afc-aceb-c32e3863269c",
            "timeouts": null,
            "vault_uri": "https://mim-key-vault-22.vault.azure.net/"
          },
          "sensitive_attributes": []
        }
      ]
    },
    {
      "module": "module.vm_password",
      "mode": "managed",
      "type": "azurerm_key_vault_secret",
      "name": "secret",
      "provider": "provider[\"registry.terraform.io/hashicorp/azurerm\"]",
      "instances": [
        {
          "schema_version": 0,
          "attributes": {
            "content_type": "",
            "expiration_date": null,
            "id": "https://mim-key-vault-22.vault.azure.net/secrets/vm-password/1e1896d70ccf4ea5afe069f2ac7a6c60",
            "key_vault_id": "/subscriptions/9c2d44b8-0b58-4481-8de2-41223a92f641/resourceGroups/mim-resource-group/providers/Microsoft.KeyVault/vaults/mim-key-vault-22",
            "name": "vm-password",
            "not_before_date": null,
            "resource_id": "/subscriptions/9c2d44b8-0b58-4481-8de2-41223a92f641/resourceGroups/mim-resource-group/providers/Microsoft.KeyVault/vaults/mim-key-vault-22/secrets/vm-password/versions/1e1896d70ccf4ea5afe069f2ac7a6c60",
            "resource_versionless_id": "/subscriptions/9c2d44b8-0b58-4481-8de2-41223a92f641/resourceGroups/mim-resource-group/providers/Microsoft.KeyVault/vaults/mim-key-vault-22/secrets/vm-password",
            "tags": {},
            "timeouts": null,
            "value": "P@ssw0rd1234!",
            "value_wo": null,
            "value_wo_version": 0,
            "version": "1e1896d70ccf4ea5afe069f2ac7a6c60",
            "versionless_id": "https://mim-key-vault-22.vault.azure.net/secrets/vm-password"
          },
          "sensitive_attributes": [
            [
              {
                "type": "get_attr",
                "value": "value"
              }
            ]
          ],
          "private": "eyJlMmJmYjczMC1lY2FhLTExZTYtOGY4OC0zNDM2M2JjN2M0YzAiOnsiY3JlYXRlIjoxODAwMDAwMDAwMDAwLCJkZWxldGUiOjE4MDAwMDAwMDAwMDAsInJlYWQiOjE4MDAwMDAwMDAwMDAsInVwZGF0ZSI6MTgwMDAwMDAwMDAwMH19",
          "dependencies": [
            "module.key_vault.azurerm_key_vault.kv",
            "module.key_vault.data.azurerm_client_config.current",
            "module.rg.azurerm_resource_group.rg",
            "module.vm_password.data.azurerm_key_vault.kv"
          ]
        }
      ]
    },
    {
      "module": "module.vm_username",
      "mode": "data",
      "type": "azurerm_key_vault",
      "name": "kv",
      "provider": "provider[\"registry.terraform.io/hashicorp/azurerm\"]",
      "instances": [
        {
          "schema_version": 0,
          "attributes": {
            "access_policy": [
              {
                "application_id": "",
                "certificate_permissions": [],
                "key_permissions": [
                  "Get",
                  "Create",
                  "Delete",
                  "List",
                  "Update",
                  "Import",
                  "Purge",
                  "Recover",
                  "Backup",
                  "Restore"
                ],
                "object_id": "a781ff2a-427b-4046-bd08-5a76676e98c2",
                "secret_permissions": [
                  "Get",
                  "Set",
                  "Delete",
                  "List",
                  "Recover",
                  "Purge"
                ],
                "storage_permissions": [
                  "Get",
                  "Set",
                  "Delete",
                  "List",
                  "Recover",
                  "Purge"
                ],
                "tenant_id": "339d79ec-9f20-4afc-aceb-c32e3863269c"
              }
            ],
            "enable_rbac_authorization": false,
            "enabled_for_deployment": false,
            "enabled_for_disk_encryption": true,
            "enabled_for_template_deployment": false,
            "id": "/subscriptions/9c2d44b8-0b58-4481-8de2-41223a92f641/resourceGroups/mim-resource-group/providers/Microsoft.KeyVault/vaults/mim-key-vault-22",
            "location": "westeurope",
            "name": "mim-key-vault-22",
            "network_acls": [],
            "public_network_access_enabled": true,
            "purge_protection_enabled": false,
            "resource_group_name": "mim-resource-group",
            "sku_name": "standard",
            "tags": {},
            "tenant_id": "339d79ec-9f20-4afc-aceb-c32e3863269c",
            "timeouts": null,
            "vault_uri": "https://mim-key-vault-22.vault.azure.net/"
          },
          "sensitive_attributes": []
        }
      ]
    },
    {
      "module": "module.vm_username",
      "mode": "managed",
      "type": "azurerm_key_vault_secret",
      "name": "secret",
      "provider": "provider[\"registry.terraform.io/hashicorp/azurerm\"]",
      "instances": [
        {
          "schema_version": 0,
          "attributes": {
            "content_type": "",
            "expiration_date": null,
            "id": "https://mim-key-vault-22.vault.azure.net/secrets/vm-username/564a1e3942fb4bd1a488f4b5355eaa59",
            "key_vault_id": "/subscriptions/9c2d44b8-0b58-4481-8de2-41223a92f641/resourceGroups/mim-resource-group/providers/Microsoft.KeyVault/vaults/mim-key-vault-22",
            "name": "vm-username",
            "not_before_date": null,
            "resource_id": "/subscriptions/9c2d44b8-0b58-4481-8de2-41223a92f641/resourceGroups/mim-resource-group/providers/Microsoft.KeyVault/vaults/mim-key-vault-22/secrets/vm-username/versions/564a1e3942fb4bd1a488f4b5355eaa59",
            "resource_versionless_id": "/subscriptions/9c2d44b8-0b58-4481-8de2-41223a92f641/resourceGroups/mim-resource-group/providers/Microsoft.KeyVault/vaults/mim-key-vault-22/secrets/vm-username",
            "tags": {},
            "timeouts": null,
            "value": "azureuser",
            "value_wo": null,
            "value_wo_version": 0,
            "version": "564a1e3942fb4bd1a488f4b5355eaa59",
            "versionless_id": "https://mim-key-vault-22.vault.azure.net/secrets/vm-username"
          },
          "sensitive_attributes": [
            [
              {
                "type": "get_attr",
                "value": "value"
              }
            ]
          ],
          "private": "eyJlMmJmYjczMC1lY2FhLTExZTYtOGY4OC0zNDM2M2JjN2M0YzAiOnsiY3JlYXRlIjoxODAwMDAwMDAwMDAwLCJkZWxldGUiOjE4MDAwMDAwMDAwMDAsInJlYWQiOjE4MDAwMDAwMDAwMDAsInVwZGF0ZSI6MTgwMDAwMDAwMDAwMH19",
          "dependencies": [
            "module.key_vault.azurerm_key_vault.kv",
            "module.key_vault.data.azurerm_client_config.current",
            "module.rg.azurerm_resource_group.rg",
            "module.vm_username.data.azurerm_key_vault.kv"
          ]
        }
      ]
    },
    {
      "module": "module.vnet",
      "mode": "managed",
      "type": "azurerm_virtual_network",
      "name": "vnet",
      "provider": "provider[\"registry.terraform.io/hashicorp/azurerm\"]",
      "instances": [
        {
          "schema_version": 0,
          "attributes": {
            "address_space": [
              "10.0.0.0/16"
            ],
            "bgp_community": "",
            "ddos_protection_plan": [],
            "dns_servers": [],
            "edge_zone": "",
            "encryption": [],
            "flow_timeout_in_minutes": 0,
            "guid": "ba57aef2-a866-4630-965b-59994002a3a8",
            "id": "/subscriptions/9c2d44b8-0b58-4481-8de2-41223a92f641/resourceGroups/mim-resource-group/providers/Microsoft.Network/virtualNetworks/mim-vnet",
            "ip_address_pool": [],
            "location": "westeurope",
            "name": "mim-vnet",
            "private_endpoint_vnet_policies": "Disabled",
            "resource_group_name": "mim-resource-group",
            "subnet": [
              {
                "address_prefixes": [
                  "10.0.0.0/24"
                ],
                "default_outbound_access_enabled": true,
                "delegation": [],
                "id": "/subscriptions/9c2d44b8-0b58-4481-8de2-41223a92f641/resourceGroups/mim-resource-group/providers/Microsoft.Network/virtualNetworks/mim-vnet/subnets/mim-backend-subnet",
                "name": "mim-backend-subnet",
                "private_endpoint_network_policies": "Disabled",
                "private_link_service_network_policies_enabled": true,
                "route_table_id": "",
                "security_group": "",
                "service_endpoint_policy_ids": [],
                "service_endpoints": []
              },
              {
                "address_prefixes": [
                  "10.0.1.0/24"
                ],
                "default_outbound_access_enabled": true,
                "delegation": [],
                "id": "/subscriptions/9c2d44b8-0b58-4481-8de2-41223a92f641/resourceGroups/mim-resource-group/providers/Microsoft.Network/virtualNetworks/mim-vnet/subnets/mim-frontend-subnet",
                "name": "mim-frontend-subnet",
                "private_endpoint_network_policies": "Disabled",
                "private_link_service_network_policies_enabled": true,
                "route_table_id": "",
                "security_group": "",
                "service_endpoint_policy_ids": [],
                "service_endpoints": []
              }
            ],
            "tags": {},
            "timeouts": null
          },
          "sensitive_attributes": [],
          "private": "eyJlMmJmYjczMC1lY2FhLTExZTYtOGY4OC0zNDM2M2JjN2M0YzAiOnsiY3JlYXRlIjoxODAwMDAwMDAwMDAwLCJkZWxldGUiOjE4MDAwMDAwMDAwMDAsInJlYWQiOjMwMDAwMDAwMDAwMCwidXBkYXRlIjoxODAwMDAwMDAwMDAwfX0=",
          "dependencies": [
            "module.rg.azurerm_resource_group.rg"
          ]
        }
      ]
    }
  ],
  "check_results": null
}
